// !$*UTF8*$!
{
	archiveVersion = 1;
	classes = {
	};
	objectVersion = 77;
	objects = {

/* Begin PBXContainerItemProxy section */
		29E2F4B12F6719C2006BC0FD /* PBXContainerItemProxy */ = {
			isa = PBXContainerItemProxy;
			containerPortal = 29E2F49B2F6719BB006BC0FD /* Project object */;
			proxyType = 1;
			remoteGlobalIDString = 29E2F4A22F6719BC006BC0FD;
			remoteInfo = WLMTurkey;
		};
		29E2F4BB2F6719C2006BC0FD /* PBXContainerItemProxy */ = {
			isa = PBXContainerItemProxy;
			containerPortal = 29E2F49B2F6719BB006BC0FD /* Project object */;
			proxyType = 1;
			remoteGlobalIDString = 29E2F4A22F6719BC006BC0FD;
			remoteInfo = WLMTurkey;
		};
/* End PBXContainerItemProxy section */

/* Begin PBXFileReference section */
		29E2F4A32F6719BC006BC0FD /* WLMTurkey.app */ = {isa = PBXFileReference; explicitFileType = wrapper.application; includeInIndex = 0; path = WLMTurkey.app; sourceTree = BUILT_PRODUCTS_DIR; };
		29E2F4B02F6719C2006BC0FD /* WLMTurkeyTests.xctest */ = {isa = PBXFileReference; explicitFileType = wrapper.cfbundle; includeInIndex = 0; path = WLMTurkeyTests.xctest; sourceTree = BUILT_PRODUCTS_DIR; };
		29E2F4BA2F6719C2006BC0FD /* WLMTurkeyUITests.xctest */ = {isa = PBXFileReference; explicitFileType = wrapper.cfbundle; includeInIndex = 0; path = WLMTurkeyUITests.xctest; sourceTree = BUILT_PRODUCTS_DIR; };
/* End PBXFileReference section */

/* Begin PBXFileSystemSynchronizedBuildFileExceptionSet section */
		299491322F671F57001CEF72 /* Exceptions for "WLMTurkey" folder in "WLMTurkey" target */ = {
			isa = PBXFileSystemSynchronizedBuildFileExceptionSet;
			membershipExceptions = (
				Info.plist,
			);
			target = 29E2F4A22F6719BC006BC0FD /* WLMTurkey */;
		};
/* End PBXFileSystemSynchronizedBuildFileExceptionSet section */

/* Begin PBXFileSystemSynchronizedRootGroup section */
		29E2F4A52F6719BC006BC0FD /* WLMTurkey */ = {
			isa = PBXFileSystemSynchronizedRootGroup;
			exceptions = (
				299491322F671F57001CEF72 /* Exceptions for "WLMTurkey" folder in "WLMTurkey" target */,
			);
			path = WLMTurkey;
			sourceTree = "<group>";
		};
		29E2F4B32F6719C2006BC0FD /* WLMTurkeyTests */ = {
			isa = PBXFileSystemSynchronizedRootGroup;
			path = WLMTurkeyTests;
			sourceTree = "<group>";
		};
		29E2F4BD2F6719C2006BC0FD /* WLMTurkeyUITests */ = {
			isa = PBXFileSystemSynchronizedRootGroup;
			path = WLMTurkeyUITests;
			sourceTree = "<group>";
		};
/* End PBXFileSystemSynchronizedRootGroup section */

/* Begin PBXFrameworksBuildPhase section */
		29E2F4A02F6719BC006BC0FD /* Frameworks */ = {
			isa = PBXFrameworksBuildPhase;
			buildActionMask = 2147483647;
			files = (
			);
			runOnlyForDeploymentPostprocessing = 0;
		};
		29E2F4AD2F6719C2006BC0FD /* Frameworks */ = {
			isa = PBXFrameworksBuildPhase;
			buildActionMask = 2147483647;
			files = (
			);
			runOnlyForDeploymentPostprocessing = 0;
		};
		29E2F4B72F6719C2006BC0FD /* Frameworks */ = {
			isa = PBXFrameworksBuildPhase;
			buildActionMask = 2147483647;
			files = (
			);
			runOnlyForDeploymentPostprocessing = 0;
		};
/* End PBXFrameworksBuildPhase section */

/* Begin PBXGroup section */
		29E2F49A2F6719BB006BC0FD = {
			isa = PBXGroup;
			children = (
				29E2F4A52F6719BC006BC0FD /* WLMTurkey */,
				29E2F4B32F6719C2006BC0FD /* WLMTurkeyTests */,
				29E2F4BD2F6719C2006BC0FD /* WLMTurkeyUITests */,
				29E2F4A42F6719BC006BC0FD /* Products */,
			);
			sourceTree = "<group>";
		};
		29E2F4A42F6719BC006BC0FD /* Products */ = {
			isa = PBXGroup;
			children = (
				29E2F4A32F6719BC006BC0FD /* WLMTurkey.app */,
				29E2F4B02F6719C2006BC0FD /* WLMTurkeyTests.xctest */,
				29E2F4BA2F6719C2006BC0FD /* WLMTurkeyUITests.xctest */,
			);
			name = Products;
			sourceTree = "<group>";
		};
/* End PBXGroup section */

/* Begin PBXNativeTarget section */
		29E2F4A22F6719BC006BC0FD /* WLMTurkey */ = {
			isa = PBXNativeTarget;
			buildConfigurationList = 29E2F4C42F6719C2006BC0FD /* Build configuration list for PBXNativeTarget "WLMTurkey" */;
			buildPhases = (
				29E2F49F2F6719BC006BC0FD /* Sources */,
				29E2F4A02F6719BC006BC0FD /* Frameworks */,
				29E2F4A12F6719BC006BC0FD /* Resources */,
			);
			buildRules = (
			);
			dependencies = (
			);
			fileSystemSynchronizedGroups = (
				29E2F4A52F6719BC006BC0FD /* WLMTurkey */,
			);
			name = WLMTurkey;
			packageProductDependencies = (
			);
			productName = WLMTurkey;
			productReference = 29E2F4A32F6719BC006BC0FD /* WLMTurkey.app */;
			productType = "com.apple.product-type.application";
		};
		29E2F4AF2F6719C2006BC0FD /* WLMTurkeyTests */ = {
			isa = PBXNativeTarget;
			buildConfigurationList = 29E2F4C72F6719C2006BC0FD /* Build configuration list for PBXNativeTarget "WLMTurkeyTests" */;
			buildPhases = (
				29E2F4AC2F6719C2006BC0FD /* Sources */,
				29E2F4AD2F6719C2006BC0FD /* Frameworks */,
				29E2F4AE2F6719C2006BC0FD /* Resources */,
			);
			buildRules = (
			);
			dependencies = (
				29E2F4B22F6719C2006BC0FD /* PBXTargetDependency */,
			);
			fileSystemSynchronizedGroups = (
				29E2F4B32F6719C2006BC0FD /* WLMTurkeyTests */,
			);
			name = WLMTurkeyTests;
			packageProductDependencies = (
			);
			productName = WLMTurkeyTests;
			productReference = 29E2F4B02F6719C2006BC0FD /* WLMTurkeyTests.xctest */;
			productType = "com.apple.product-type.bundle.unit-test";
		};
		29E2F4B92F6719C2006BC0FD /* WLMTurkeyUITests */ = {
			isa = PBXNativeTarget;
			buildConfigurationList = 29E2F4CA2F6719C2006BC0FD /* Build configuration list for PBXNativeTarget "WLMTurkeyUITests" */;
			buildPhases = (
				29E2F4B62F6719C2006BC0FD /* Sources */,
				29E2F4B72F6719C2006BC0FD /* Frameworks */,
				29E2F4B82F6719C2006BC0FD /* Resources */,
			);
			buildRules = (
			);
			dependencies = (
				29E2F4BC2F6719C2006BC0FD /* PBXTargetDependency */,
			);
			fileSystemSynchronizedGroups = (
				29E2F4BD2F6719C2006BC0FD /* WLMTurkeyUITests */,
			);
			name = WLMTurkeyUITests;
			packageProductDependencies = (
			);
			productName = WLMTurkeyUITests;
			productReference = 29E2F4BA2F6719C2006BC0FD /* WLMTurkeyUITests.xctest */;
			productType = "com.apple.product-type.bundle.ui-testing";
		};
/* End PBXNativeTarget section */

/* Begin PBXProject section */
		29E2F49B2F6719BB006BC0FD /* Project object */ = {
			isa = PBXProject;
			attributes = {
				BuildIndependentTargetsInParallel = 1;
				LastSwiftUpdateCheck = 2630;
				LastUpgradeCheck = 2630;
				TargetAttributes = {
					29E2F4A22F6719BC006BC0FD = {
						CreatedOnToolsVersion = 26.3;
					};
					29E2F4AF2F6719C2006BC0FD = {
						CreatedOnToolsVersion = 26.3;
						TestTargetID = 29E2F4A22F6719BC006BC0FD;
					};
					29E2F4B92F6719C2006BC0FD = {
						CreatedOnToolsVersion = 26.3;
						TestTargetID = 29E2F4A22F6719BC006BC0FD;
					};
				};
			};
			buildConfigurationList = 29E2F49E2F6719BB006BC0FD /* Build configuration list for PBXProject "WLMTurkey" */;
			developmentRegion = en;
			hasScannedForEncodings = 0;
			knownRegions = (
				en,
				Base,
			);
			mainGroup = 29E2F49A2F6719BB006BC0FD;
			minimizedProjectReferenceProxies = 1;
			preferredProjectObjectVersion = 77;
			productRefGroup = 29E2F4A42F6719BC006BC0FD /* Products */;
			projectDirPath = "";
			projectRoot = "";
			targets = (
				29E2F4A22F6719BC006BC0FD /* WLMTurkey */,
				29E2F4AF2F6719C2006BC0FD /* WLMTurkeyTests */,
				29E2F4B92F6719C2006BC0FD /* WLMTurkeyUITests */,
			);
		};
/* End PBXProject section */

/* Begin PBXResourcesBuildPhase section */
		29E2F4A12F6719BC006BC0FD /* Resources */ = {
			isa = PBXResourcesBuildPhase;
			buildActionMask = 2147483647;
			files = (
			);
			runOnlyForDeploymentPostprocessing = 0;
		};
		29E2F4AE2F6719C2006BC0FD /* Resources */ = {
			isa = PBXResourcesBuildPhase;
			buildActionMask = 2147483647;
			files = (
			);
			runOnlyForDeploymentPostprocessing = 0;
		};
		29E2F4B82F6719C2006BC0FD /* Resources */ = {
			isa = PBXResourcesBuildPhase;
			buildActionMask = 2147483647;
			files = (
			);
			runOnlyForDeploymentPostprocessing = 0;
		};
/* End PBXResourcesBuildPhase section */

/* Begin PBXSourcesBuildPhase section */
		29E2F49F2F6719BC006BC0FD /* Sources */ = {
			isa = PBXSourcesBuildPhase;
			buildActionMask = 2147483647;
			files = (
			);
			runOnlyForDeploymentPostprocessing = 0;
		};
		29E2F4AC2F6719C2006BC0FD /* Sources */ = {
			isa = PBXSourcesBuildPhase;
			buildActionMask = 2147483647;
			files = (
			);
			runOnlyForDeploymentPostprocessing = 0;
		};
		29E2F4B62F6719C2006BC0FD /* Sources */ = {
			isa = PBXSourcesBuildPhase;
			buildActionMask = 2147483647;
			files = (
			);
			runOnlyForDeploymentPostprocessing = 0;
		};
/* End PBXSourcesBuildPhase section */

/* Begin PBXTargetDependency section */
		29E2F4B22F6719C2006BC0FD /* PBXTargetDependency */ = {
			isa = PBXTargetDependency;
			target = 29E2F4A22F6719BC006BC0FD /* WLMTurkey */;
			targetProxy = 29E2F4B12F6719C2006BC0FD /* PBXContainerItemProxy */;
		};
		29E2F4BC2F6719C2006BC0FD /* PBXTargetDependency */ = {
			isa = PBXTargetDependency;
			target = 29E2F4A22F6719BC006BC0FD /* WLMTurkey */;
			targetProxy = 29E2F4BB2F6719C2006BC0FD /* PBXContainerItemProxy */;
		};
/* End PBXTargetDependency section */

/* Begin XCBuildConfiguration section */
		29E2F4C22F6719C2006BC0FD /* Debug */ = {
			isa = XCBuildConfiguration;
			buildSettings = {
				ALWAYS_SEARCH_USER_PATHS = NO;
				ASSETCATALOG_COMPILER_GENERATE_SWIFT_ASSET_SYMBOL_EXTENSIONS = YES;
				CLANG_ANALYZER_NONNULL = YES;
				CLANG_ANALYZER_NUMBER_OBJECT_CONVERSION = YES_AGGRESSIVE;
				CLANG_CXX_LANGUAGE_STANDARD = "gnu++20";
				CLANG_ENABLE_MODULES = YES;
				CLANG_ENABLE_OBJC_ARC = YES;
				CLANG_ENABLE_OBJC_WEAK = YES;
				CLANG_WARN_BLOCK_CAPTURE_AUTORELEASING = YES;
				CLANG_WARN_BOOL_CONVERSION = YES;
				CLANG_WARN_COMMA = YES;
				CLANG_WARN_CONSTANT_CONVERSION = YES;
				CLANG_WARN_DEPRECATED_OBJC_IMPLEMENTATIONS = YES;
				CLANG_WARN_DIRECT_OBJC_ISA_USAGE = YES_ERROR;
				CLANG_WARN_DOCUMENTATION_COMMENTS = YES;
				CLANG_WARN_EMPTY_BODY = YES;
				CLANG_WARN_ENUM_CONVERSION = YES;
				CLANG_WARN_INFINITE_RECURSION = YES;
				CLANG_WARN_INT_CONVERSION = YES;
				CLANG_WARN_NON_LITERAL_NULL_CONVERSION = YES;
				CLANG_WARN_OBJC_IMPLICIT_RETAIN_SELF = YES;
				CLANG_WARN_OBJC_LITERAL_CONVERSION = YES;
				CLANG_WARN_OBJC_ROOT_CLASS = YES_ERROR;
				CLANG_WARN_QUOTED_INCLUDE_IN_FRAMEWORK_HEADER = YES;
				CLANG_WARN_RANGE_LOOP_ANALYSIS = YES;
				CLANG_WARN_STRICT_PROTOTYPES = YES;
				CLANG_WARN_SUSPICIOUS_MOVE = YES;
				CLANG_WARN_UNGUARDED_AVAILABILITY = YES_AGGRESSIVE;
				CLANG_WARN_UNREACHABLE_CODE = YES;
				CLANG_WARN__DUPLICATE_METHOD_MATCH = YES;
				COPY_PHASE_STRIP = NO;
				DEBUG_INFORMATION_FORMAT = dwarf;
				ENABLE_STRICT_OBJC_MSGSEND = YES;
				ENABLE_TESTABILITY = YES;
				ENABLE_USER_SCRIPT_SANDBOXING = YES;
				GCC_C_LANGUAGE_STANDARD = gnu17;
				GCC_DYNAMIC_NO_PIC = NO;
				GCC_NO_COMMON_BLOCKS = YES;
				GCC_OPTIMIZATION_LEVEL = 0;
				GCC_PREPROCESSOR_DEFINITIONS = (
					"DEBUG=1",
					"$(inherited)",
				);
				GCC_WARN_64_TO_32_BIT_CONVERSION = YES;
				GCC_WARN_ABOUT_RETURN_TYPE = YES_ERROR;
				GCC_WARN_UNDECLARED_SELECTOR = YES;
				GCC_WARN_UNINITIALIZED_AUTOS = YES_AGGRESSIVE;
				GCC_WARN_UNUSED_FUNCTION = YES;
				GCC_WARN_UNUSED_VARIABLE = YES;
				IPHONEOS_DEPLOYMENT_TARGET = 26.2;
				LOCALIZATION_PREFERS_STRING_CATALOGS = YES;
				MTL_ENABLE_DEBUG_INFO = INCLUDE_SOURCE;
				MTL_FAST_MATH = YES;
				ONLY_ACTIVE_ARCH = YES;
				SDKROOT = iphoneos;
				SWIFT_ACTIVE_COMPILATION_CONDITIONS = "DEBUG $(inherited)";
				SWIFT_OPTIMIZATION_LEVEL = "-Onone";
			};
			name = Debug;
		};
		29E2F4C32F6719C2006BC0FD /* Release */ = {
			isa = XCBuildConfiguration;
			buildSettings = {
				ALWAYS_SEARCH_USER_PATHS = NO;
				ASSETCATALOG_COMPILER_GENERATE_SWIFT_ASSET_SYMBOL_EXTENSIONS = YES;
				CLANG_ANALYZER_NONNULL = YES;
				CLANG_ANALYZER_NUMBER_OBJECT_CONVERSION = YES_AGGRESSIVE;
				CLANG_CXX_LANGUAGE_STANDARD = "gnu++20";
				CLANG_ENABLE_MODULES = YES;
				CLANG_ENABLE_OBJC_ARC = YES;
				CLANG_ENABLE_OBJC_WEAK = YES;
				CLANG_WARN_BLOCK_CAPTURE_AUTORELEASING = YES;
				CLANG_WARN_BOOL_CONVERSION = YES;
				CLANG_WARN_COMMA = YES;
				CLANG_WARN_CONSTANT_CONVERSION = YES;
				CLANG_WARN_DEPRECATED_OBJC_IMPLEMENTATIONS = YES;
				CLANG_WARN_DIRECT_OBJC_ISA_USAGE = YES_ERROR;
				CLANG_WARN_DOCUMENTATION_COMMENTS = YES;
				CLANG_WARN_EMPTY_BODY = YES;
				CLANG_WARN_ENUM_CONVERSION = YES;
				CLANG_WARN_INFINITE_RECURSION = YES;
				CLANG_WARN_INT_CONVERSION = YES;
				CLANG_WARN_NON_LITERAL_NULL_CONVERSION = YES;
				CLANG_WARN_OBJC_IMPLICIT_RETAIN_SELF = YES;
				CLANG_WARN_OBJC_LITERAL_CONVERSION = YES;
				CLANG_WARN_OBJC_ROOT_CLASS = YES_ERROR;
				CLANG_WARN_QUOTED_INCLUDE_IN_FRAMEWORK_HEADER = YES;
				CLANG_WARN_RANGE_LOOP_ANALYSIS = YES;
				CLANG_WARN_STRICT_PROTOTYPES = YES;
				CLANG_WARN_SUSPICIOUS_MOVE = YES;
				CLANG_WARN_UNGUARDED_AVAILABILITY = YES_AGGRESSIVE;
				CLANG_WARN_UNREACHABLE_CODE = YES;
				CLANG_WARN__DUPLICATE_METHOD_MATCH = YES;
				COPY_PHASE_STRIP = NO;
				DEBUG_INFORMATION_FORMAT = "dwarf-with-dsym";
				ENABLE_NS_ASSERTIONS = NO;
				ENABLE_STRICT_OBJC_MSGSEND = YES;
				ENABLE_USER_SCRIPT_SANDBOXING = YES;
				GCC_C_LANGUAGE_STANDARD = gnu17;
				GCC_NO_COMMON_BLOCKS = YES;
				GCC_WARN_64_TO_32_BIT_CONVERSION = YES;
				GCC_WARN_ABOUT_RETURN_TYPE = YES_ERROR;
				GCC_WARN_UNDECLARED_SELECTOR = YES;
				GCC_WARN_UNINITIALIZED_AUTOS = YES_AGGRESSIVE;
				GCC_WARN_UNUSED_FUNCTION = YES;
				GCC_WARN_UNUSED_VARIABLE = YES;
				IPHONEOS_DEPLOYMENT_TARGET = 26.2;
				LOCALIZATION_PREFERS_STRING_CATALOGS = YES;
				MTL_ENABLE_DEBUG_INFO = NO;
				MTL_FAST_MATH = YES;
				SDKROOT = iphoneos;
				SWIFT_COMPILATION_MODE = wholemodule;
				VALIDATE_PRODUCT = YES;
			};
			name = Release;
		};
		29E2F4C52F6719C2006BC0FD /* Debug */ = {
			isa = XCBuildConfiguration;
			buildSettings = {
				ASSETCATALOG_COMPILER_APPICON_NAME = AppIcon;
				ASSETCATALOG_COMPILER_GLOBAL_ACCENT_COLOR_NAME = AccentColor;
				CODE_SIGN_STYLE = Automatic;
				CURRENT_PROJECT_VERSION = 1;
				DEVELOPMENT_TEAM = 8K3TH76L68;
				ENABLE_PREVIEWS = YES;
				GENERATE_INFOPLIST_FILE = YES;
				INFOPLIST_FILE = WLMTurkey/Info.plist;
				INFOPLIST_KEY_NSLocationWhenInUseUsageDescription = "";
				INFOPLIST_KEY_UIApplicationSceneManifest_Generation = YES;
				INFOPLIST_KEY_UIApplicationSupportsIndirectInputEvents = YES;
				INFOPLIST_KEY_UILaunchScreen_Generation = YES;
				INFOPLIST_KEY_UISupportedInterfaceOrientations_iPad = "UIInterfaceOrientationPortrait UIInterfaceOrientationPortraitUpsideDown UIInterfaceOrientationLandscapeLeft UIInterfaceOrientationLandscapeRight $(MARKETING_VERSION)";
				INFOPLIST_KEY_UISupportedInterfaceOrientations_iPhone = "UIInterfaceOrientationPortrait UIInterfaceOrientationLandscapeLeft UIInterfaceOrientationLandscapeRight";
				LD_RUNPATH_SEARCH_PATHS = (
					"$(inherited)",
					"@executable_path/Frameworks",
				);
				MARKETING_VERSION = 1.0;
				PRODUCT_BUNDLE_IDENTIFIER = com.sadrettin.WLMTurkey.WLMTurkey;
				PRODUCT_NAME = "$(TARGET_NAME)";
				STRING_CATALOG_GENERATE_SYMBOLS = YES;
				SWIFT_APPROACHABLE_CONCURRENCY = YES;
				SWIFT_DEFAULT_ACTOR_ISOLATION = MainActor;
				SWIFT_EMIT_LOC_STRINGS = YES;
				SWIFT_UPCOMING_FEATURE_MEMBER_IMPORT_VISIBILITY = YES;
				SWIFT_VERSION = 5.0;
				TARGETED_DEVICE_FAMILY = "1,2";
			};
			name = Debug;
		};
		29E2F4C62F6719C2006BC0FD /* Release */ = {
			isa = XCBuildConfiguration;
			buildSettings = {
				ASSETCATALOG_COMPILER_APPICON_NAME = AppIcon;
				ASSETCATALOG_COMPILER_GLOBAL_ACCENT_COLOR_NAME = AccentColor;
				CODE_SIGN_STYLE = Automatic;
				CURRENT_PROJECT_VERSION = 1;
				DEVELOPMENT_TEAM = 8K3TH76L68;
				ENABLE_PREVIEWS = YES;
				GENERATE_INFOPLIST_FILE = YES;
				INFOPLIST_FILE = WLMTurkey/Info.plist;
				INFOPLIST_KEY_NSLocationWhenInUseUsageDescription = "";
				INFOPLIST_KEY_UIApplicationSceneManifest_Generation = YES;
				INFOPLIST_KEY_UIApplicationSupportsIndirectInputEvents = YES;
				INFOPLIST_KEY_UILaunchScreen_Generation = YES;
				INFOPLIST_KEY_UISupportedInterfaceOrientations_iPad = "UIInterfaceOrientationPortrait UIInterfaceOrientationPortraitUpsideDown UIInterfaceOrientationLandscapeLeft UIInterfaceOrientationLandscapeRight $(MARKETING_VERSION)";
				INFOPLIST_KEY_UISupportedInterfaceOrientations_iPhone = "UIInterfaceOrientationPortrait UIInterfaceOrientationLandscapeLeft UIInterfaceOrientationLandscapeRight";
				LD_RUNPATH_SEARCH_PATHS = (
					"$(inherited)",
					"@executable_path/Frameworks",
				);
				MARKETING_VERSION = 1.0;
				PRODUCT_BUNDLE_IDENTIFIER = com.sadrettin.WLMTurkey.WLMTurkey;
				PRODUCT_NAME = "$(TARGET_NAME)";
				STRING_CATALOG_GENERATE_SYMBOLS = YES;
				SWIFT_APPROACHABLE_CONCURRENCY = YES;
				SWIFT_DEFAULT_ACTOR_ISOLATION = MainActor;
				SWIFT_EMIT_LOC_STRINGS = YES;
				SWIFT_UPCOMING_FEATURE_MEMBER_IMPORT_VISIBILITY = YES;
				SWIFT_VERSION = 5.0;
				TARGETED_DEVICE_FAMILY = "1,2";
			};
			name = Release;
		};
		29E2F4C82F6719C2006BC0FD /* Debug */ = {
			isa = XCBuildConfiguration;
			buildSettings = {
				BUNDLE_LOADER = "$(TEST_HOST)";
				CODE_SIGN_STYLE = Automatic;
				CURRENT_PROJECT_VERSION = 1;
				GENERATE_INFOPLIST_FILE = YES;
				IPHONEOS_DEPLOYMENT_TARGET = 26.2;
				MARKETING_VERSION = 1.0;
				PRODUCT_BUNDLE_IDENTIFIER = com.sadrettin.WLMTurkey.WLMTurkeyTests;
				PRODUCT_NAME = "$(TARGET_NAME)";
				STRING_CATALOG_GENERATE_SYMBOLS = NO;
				SWIFT_APPROACHABLE_CONCURRENCY = YES;
				SWIFT_EMIT_LOC_STRINGS = NO;
				SWIFT_UPCOMING_FEATURE_MEMBER_IMPORT_VISIBILITY = YES;
				SWIFT_VERSION = 5.0;
				TARGETED_DEVICE_FAMILY = "1,2";
				TEST_HOST = "$(BUILT_PRODUCTS_DIR)/WLMTurkey.app/$(BUNDLE_EXECUTABLE_FOLDER_PATH)/WLMTurkey";
			};
			name = Debug;
		};
		29E2F4C92F6719C2006BC0FD /* Release */ = {
			isa = XCBuildConfiguration;
			buildSettings = {
				BUNDLE_LOADER = "$(TEST_HOST)";
				CODE_SIGN_STYLE = Automatic;
				CURRENT_PROJECT_VERSION = 1;
				GENERATE_INFOPLIST_FILE = YES;
				IPHONEOS_DEPLOYMENT_TARGET = 26.2;
				MARKETING_VERSION = 1.0;
				PRODUCT_BUNDLE_IDENTIFIER = com.sadrettin.WLMTurkey.WLMTurkeyTests;
				PRODUCT_NAME = "$(TARGET_NAME)";
				STRING_CATALOG_GENERATE_SYMBOLS = NO;
				SWIFT_APPROACHABLE_CONCURRENCY = YES;
				SWIFT_EMIT_LOC_STRINGS = NO;
				SWIFT_UPCOMING_FEATURE_MEMBER_IMPORT_VISIBILITY = YES;
				SWIFT_VERSION = 5.0;
				TARGETED_DEVICE_FAMILY = "1,2";
				TEST_HOST = "$(BUILT_PRODUCTS_DIR)/WLMTurkey.app/$(BUNDLE_EXECUTABLE_FOLDER_PATH)/WLMTurkey";
			};
			name = Release;
		};
		29E2F4CB2F6719C2006BC0FD /* Debug */ = {
			isa = XCBuildConfiguration;
			buildSettings = {
				CODE_SIGN_STYLE = Automatic;
				CURRENT_PROJECT_VERSION = 1;
				GENERATE_INFOPLIST_FILE = YES;
				MARKETING_VERSION = 1.0;
				PRODUCT_BUNDLE_IDENTIFIER = com.sadrettin.WLMTurkey.WLMTurkeyUITests;
				PRODUCT_NAME = "$(TARGET_NAME)";
				STRING_CATALOG_GENERATE_SYMBOLS = NO;
				SWIFT_APPROACHABLE_CONCURRENCY = YES;
				SWIFT_EMIT_LOC_STRINGS = NO;
				SWIFT_UPCOMING_FEATURE_MEMBER_IMPORT_VISIBILITY = YES;
				SWIFT_VERSION = 5.0;
				TARGETED_DEVICE_FAMILY = "1,2";
				TEST_TARGET_NAME = WLMTurkey;
			};
			name = Debug;
		};
		29E2F4CC2F6719C2006BC0FD /* Release */ = {
			isa = XCBuildConfiguration;
			buildSettings = {
				CODE_SIGN_STYLE = Automatic;
				CURRENT_PROJECT_VERSION = 1;
				GENERATE_INFOPLIST_FILE = YES;
				MARKETING_VERSION = 1.0;
				PRODUCT_BUNDLE_IDENTIFIER = com.sadrettin.WLMTurkey.WLMTurkeyUITests;
				PRODUCT_NAME = "$(TARGET_NAME)";
				STRING_CATALOG_GENERATE_SYMBOLS = NO;
				SWIFT_APPROACHABLE_CONCURRENCY = YES;
				SWIFT_EMIT_LOC_STRINGS = NO;
				SWIFT_UPCOMING_FEATURE_MEMBER_IMPORT_VISIBILITY = YES;
				SWIFT_VERSION = 5.0;
				TARGETED_DEVICE_FAMILY = "1,2";
				TEST_TARGET_NAME = WLMTurkey;
			};
			name = Release;
		};
/* End XCBuildConfiguration section */

/* Begin XCConfigurationList section */
		29E2F49E2F6719BB006BC0FD /* Build configuration list for PBXProject "WLMTurkey" */ = {
			isa = XCConfigurationList;
			buildConfigurations = (
				29E2F4C22F6719C2006BC0FD /* Debug */,
				29E2F4C32F6719C2006BC0FD /* Release */,
			);
			defaultConfigurationIsVisible = 0;
			defaultConfigurationName = Release;
		};
		29E2F4C42F6719C2006BC0FD /* Build configuration list for PBXNativeTarget "WLMTurkey" */ = {
			isa = XCConfigurationList;
			buildConfigurations = (
				29E2F4C52F6719C2006BC0FD /* Debug */,
				29E2F4C62F6719C2006BC0FD /* Release */,
			);
			defaultConfigurationIsVisible = 0;
			defaultConfigurationName = Release;
		};
		29E2F4C72F6719C2006BC0FD /* Build configuration list for PBXNativeTarget "WLMTurkeyTests" */ = {
			isa = XCConfigurationList;
			buildConfigurations = (
				29E2F4C82F6719C2006BC0FD /* Debug */,
				29E2F4C92F6719C2006BC0FD /* Release */,
			);
			defaultConfigurationIsVisible = 0;
			defaultConfigurationName = Release;
		};
		29E2F4CA2F6719C2006BC0FD /* Build configuration list for PBXNativeTarget "WLMTurkeyUITests" */ = {
			isa = XCConfigurationList;
			buildConfigurations = (
				29E2F4CB2F6719C2006BC0FD /* Debug */,
				29E2F4CC2F6719C2006BC0FD /* Release */,
			);
			defaultConfigurationIsVisible = 0;
			defaultConfigurationName = Release;
		};
/* End XCConfigurationList section */
	};
	rootObject = 29E2F49B2F6719BB006BC0FD /* Project object */;
}
